// !$*UTF8*$!
{
	archiveVersion = 1;
	classes = {
	};
	objectVersion = 46;
	objects = {

/* Begin PBXBuildFile section */
		B60CA8611EC49C8200E52B8E /* AppDelegate.swift in Sources */ = {isa = PBXBuildFile; fileRef = B60CA8601EC49C8200E52B8E /* AppDelegate.swift */; };
		B60CA8631EC49C8200E52B8E /* ViewController.swift in Sources */ = {isa = PBXBuildFile; fileRef = B60CA8621EC49C8200E52B8E /* ViewController.swift */; };
		B60CA8661EC49C8200E52B8E /* Main.storyboard in Resources */ = {isa = PBXBuildFile; fileRef = B60CA8641EC49C8200E52B8E /* Main.storyboard */; };
		B60CA8681EC49C8200E52B8E /* Assets.xcassets in Resources */ = {isa = PBXBuildFile; fileRef = B60CA8671EC49C8200E52B8E /* Assets.xcassets */; };
		B60CA86B1EC49C8200E52B8E /* LaunchScreen.storyboard in Resources */ = {isa = PBXBuildFile; fileRef = B60CA8691EC49C8200E52B8E /* LaunchScreen.storyboard */; };
/* End PBXBuildFile section */

/* Begin PBXFileReference section */
		B60CA85D1EC49C8200E52B8E /* testingGitHub.app */ = {isa = PBXFileReference; explicitFileType = wrapper.application; includeInIndex = 0; path = testingGitHub.app; sourceTree = BUILT_PRODUCTS_DIR; };
		B60CA8601EC49C8200E52B8E /* AppDelegate.swift */ = {isa = PBXFileReference; lastKnownFileType = sourcecode.swift; path = AppDelegate.swift; sourceTree = "<group>"; };
		B60CA8621EC49C8200E52B8E /* ViewController.swift */ = {isa = PBXFileReference; lastKnownFileType = sourcecode.swift; path = ViewController.swift; sourceTree = "<group>"; };
		B60CA8651EC49C8200E52B8E /* Base */ = {isa = PBXFileReference; lastKnownFileType = file.storyboard; name = Base; path = Base.lproj/Main.storyboard; sourceTree = "<group>"; };
		B60CA8671EC49C8200E52B8E /* Assets.xcassets */ = {isa = PBXFileReference; lastKnownFileType = folder.assetcatalog; path = Assets.xcassets; sourceTree = "<group>"; };
		B60CA86A1EC49C8200E52B8E /* Base */ = {isa = PBXFileReference; lastKnownFileType = file.storyboard; name = Base; path = Base.lproj/LaunchScreen.storyboard; sourceTree = "<group>"; };
		B60CA86C1EC49C8200E52B8E /* Info.plist */ = {isa = PBXFileReference; lastKnownFileType = text.plist.xml; path = Info.plist; sourceTree = "<group>"; };
/* End PBXFileReference section */

/* Begin PBXFrameworksBuildPhase section */
		B60CA85A1EC49C8200E52B8E /* Frameworks */ = {
			isa = PBXFrameworksBuildPhase;
			buildActionMask = 2147483647;
			files = (
			);
			runOnlyForDeploymentPostprocessing = 0;
		};
/* End PBXFrameworksBuildPhase section */

/* Begin PBXGroup section */
		B60CA8541EC49C8100E52B8E = {
			isa = PBXGroup;
			children = (
				B60CA85F1EC49C8200E52B8E /* testingGitHub */,
				B60CA85E1EC49C8200E52B8E /* Products */,
			);
			sourceTree = "<group>";
		};
		B60CA85E1EC49C8200E52B8E /* Products */ = {
			isa = PBXGroup;
			children = (
				B60CA85D1EC49C8200E52B8E /* testingGitHub.app */,
			);
			name = Products;
			sourceTree = "<group>";
		};
		B60CA85F1EC49C8200E52B8E /* testingGitHub */ = {
			isa = PBXGroup;
			children = (
				B60CA8601EC49C8200E52B8E /* AppDelegate.swift */,
				B60CA8621EC49C8200E52B8E /* ViewController.swift */,
				B60CA8641EC49C8200E52B8E /* Main.storyboard */,
				B60CA8671EC49C8200E52B8E /* Assets.xcassets */,
				B60CA8691EC49C8200E52B8E /* LaunchScreen.storyboard */,
				B60CA86C1EC49C8200E52B8E /* Info.plist */,
			);
			path = testingGitHub;
			sourceTree = "<group>";
		};
/* End PBXGroup section */

/* Begin PBXNativeTarget section */
		B60CA85C1EC49C8200E52B8E /* testingGitHub */ = {
			isa = PBXNativeTarget;
			buildConfigurationList = B60CA86F1EC49C8200E52B8E /* Build configuration list for PBXNativeTarget "testingGitHub" */;
			buildPhases = (
				B60CA8591EC49C8200E52B8E /* Sources */,
				B60CA85A1EC49C8200E52B8E /* Frameworks */,
				B60CA85B1EC49C8200E52B8E /* Resources */,
			);
			buildRules = (
			);
			dependencies = (
			);
			name = testingGitHub;
			productName = testingGitHub;
			productReference = B60CA85D1EC49C8200E52B8E /* testingGitHub.app */;
			productType = "com.apple.product-type.application";
		};
/* End PBXNativeTarget section */

/* Begin PBXProject section */
		B60CA8551EC49C8100E52B8E /* Project object */ = {
			isa = PBXProject;
			attributes = {
				LastSwiftUpdateCheck = 0830;
				LastUpgradeCheck = 0830;
				ORGANIZATIONNAME = "Paul Bartholomew";
				TargetAttributes = {
					B60CA85C1EC49C8200E52B8E = {
						CreatedOnToolsVersion = 8.3.2;
						DevelopmentTeam = JZ478XYN5C;
						ProvisioningStyle = Automatic;
					};
				};
			};
			buildConfigurationList = B60CA8581EC49C8100E52B8E /* Build configuration list for PBXProject "testingGitHub" */;
			compatibilityVersion = "Xcode 3.2";
			developmentRegion = English;
			hasScannedForEncodings = 0;
			knownRegions = (
				en,
				Base,
			);
			mainGroup = B60CA8541EC49C8100E52B8E;
			productRefGroup = B60CA85E1EC49C8200E52B8E /* Products */;
			projectDirPath = "";
			projectRoot = "";
			targets = (
				B60CA85C1EC49C8200E52B8E /* testingGitHub */,
			);
		};
/* End PBXProject section */

/* Begin PBXResourcesBuildPhase section */
		B60CA85B1EC49C8200E52B8E /* Resources */ = {
			isa = PBXResourcesBuildPhase;
			buildActionMask = 2147483647;
			files = (
				B60CA86B1EC49C8200E52B8E /* LaunchScreen.storyboard in Resources */,
				B60CA8681EC49C8200E52B8E /* Assets.xcassets in Resources */,
				B60CA8661EC49C8200E52B8E /* Main.storyboard in Resources */,
			);
			runOnlyForDeploymentPostprocessing = 0;
		};
/* End PBXResourcesBuildPhase section */

/* Begin PBXSourcesBuildPhase section */
		B60CA8591EC49C8200E52B8E /* Sources */ = {
			isa = PBXSourcesBuildPhase;
			buildActionMask = 2147483647;
			files = (
				B60CA8631EC49C8200E52B8E /* ViewController.swift in Sources */,
				B60CA8611EC49C8200E52B8E /* AppDelegate.swift in Sources */,
			);
			runOnlyForDeploymentPostprocessing = 0;
		};
/* End PBXSourcesBuildPhase section */

/* Begin PBXVariantGroup section */
		B60CA8641EC49C8200E52B8E /* Main.storyboard */ = {
			isa = PBXVariantGroup;
			children = (
				B60CA8651EC49C8200E52B8E /* Base */,
			);
			name = Main.storyboard;
			sourceTree = "<group>";
		};
		B60CA8691EC49C8200E52B8E /* LaunchScreen.storyboard */ = {
			isa = PBXVariantGroup;
			children = (
				B60CA86A1EC49C8200E52B8E /* Base */,
			);
			name = LaunchScreen.storyboard;
			sourceTree = "<group>";
		};
/* End PBXVariantGroup section */

/* Begin XCBuildConfiguration section */
		B60CA86D1EC49C8200E52B8E /* Debug */ = {
			isa = XCBuildConfiguration;
			buildSettings = {
				ALWAYS_SEARCH_USER_PATHS = NO;
				CLANG_ANALYZER_NONNULL = YES;
				CLANG_ANALYZER_NUMBER_OBJECT_CONVERSION = YES_AGGRESSIVE;
				CLANG_CXX_LANGUAGE_STANDARD = "gnu++0x";
				CLANG_CXX_LIBRARY = "libc++";
				CLANG_ENABLE_MODULES = YES;
				CLANG_ENABLE_OBJC_ARC = YES;
				CLANG_WARN_BOOL_CONVERSION = YES;
				CLANG_WARN_CONSTANT_CONVERSION = YES;
				CLANG_WARN_DIRECT_OBJC_ISA_USAGE = YES_ERROR;
				CLANG_WARN_DOCUMENTATION_COMMENTS = YES;
				CLANG_WARN_EMPTY_BODY = YES;
				CLANG_WARN_ENUM_CONVERSION = YES;
				CLANG_WARN_INFINITE_RECURSION = YES;
				CLANG_WARN_INT_CONVERSION = YES;
				CLANG_WARN_OBJC_ROOT_CLASS = YES_ERROR;
				CLANG_WARN_SUSPICIOUS_MOVE = YES;
				CLANG_WARN_UNREACHABLE_CODE = YES;
				CLANG_WARN__DUPLICATE_METHOD_MATCH = YES;
				"CODE_SIGN_IDENTITY[sdk=iphoneos*]" = "iPhone Developer";
				COPY_PHASE_STRIP = NO;
				DEBUG_INFORMATION_FORMAT = dwarf;
				ENABLE_STRICT_OBJC_MSGSEND = YES;
				ENABLE_TESTABILITY = YES;
				GCC_C_LANGUAGE_STANDARD = gnu99;
				GCC_DYNAMIC_NO_PIC = NO;
				GCC_NO_COMMON_BLOCKS = YES;
				GCC_OPTIMIZATION_LEVEL = 0;
				GCC_PREPROCESSOR_DEFINITIONS = (
					"DEBUG=1",
					"$(inherited)",
				);
				GCC_WARN_64_TO_32_BIT_CONVERSION = YES;
				GCC_WARN_ABOUT_RETURN_TYPE = YES_ERROR;
				GCC_WARN_UNDECLARED_SELECTOR = YES;
				GCC_WARN_UNINITIALIZED_AUTOS = YES_AGGRESSIVE;
				GCC_WARN_UNUSED_FUNCTION = YES;
				GCC_WARN_UNUSED_VARIABLE = YES;
				IPHONEOS_DEPLOYMENT_TARGET = 10.3;
				MTL_ENABLE_DEBUG_INFO = YES;
				ONLY_ACTIVE_ARCH = YES;
				SDKROOT = iphoneos;
				SWIFT_ACTIVE_COMPILATION_CONDITIONS = DEBUG;
				SWIFT_OPTIMIZATION_LEVEL = "-Onone";
				TARGETED_DEVICE_FAMILY = "1,2";
			};
			name = Debug;
		};
		B60CA86E1EC49C8200E52B8E /* Release */ = {
			isa = XCBuildConfiguration;
			buildSettings = {
				ALWAYS_SEARCH_USER_PATHS = NO;
				CLANG_ANALYZER_NONNULL = YES;
				CLANG_ANALYZER_NUMBER_OBJECT_CONVERSION = YES_AGGRESSIVE;
				CLANG_CXX_LANGUAGE_STANDARD = "gnu++0x";
				CLANG_CXX_LIBRARY = "libc++";
				CLANG_ENABLE_MODULES = YES;
				CLANG_ENABLE_OBJC_ARC = YES;
				CLANG_WARN_BOOL_CONVERSION = YES;
				CLANG_WARN_CONSTANT_CONVERSION = YES;
				CLANG_WARN_DIRECT_OBJC_ISA_USAGE = YES_ERROR;
				CLANG_WARN_DOCUMENTATION_COMMENTS = YES;
				CLANG_WARN_EMPTY_BODY = YES;
				CLANG_WARN_ENUM_CONVERSION = YES;
				CLANG_WARN_INFINITE_RECURSION = YES;
				CLANG_WARN_INT_CONVERSION = YES;
				CLANG_WARN_OBJC_ROOT_CLASS = YES_ERROR;
				CLANG_WARN_SUSPICIOUS_MOVE = YES;
				CLANG_WARN_UNREACHABLE_CODE = YES;
				CLANG_WARN__DUPLICATE_METHOD_MATCH = YES;
				"CODE_SIGN_IDENTITY[sdk=iphoneos*]" = "iPhone Developer";
				COPY_PHASE_STRIP = NO;
				DEBUG_INFORMATION_FORMAT = "dwarf-with-dsym";
				ENABLE_NS_ASSERTIONS = NO;
				ENABLE_STRICT_OBJC_MSGSEND = YES;
				GCC_C_LANGUAGE_STANDARD = gnu99;
				GCC_NO_COMMON_BLOCKS = YES;
				GCC_WARN_64_TO_32_BIT_CONVERSION = YES;
				GCC_WARN_ABOUT_RETURN_TYPE = YES_ERROR;
				GCC_WARN_UNDECLARED_SELECTOR = YES;
				GCC_WARN_UNINITIALIZED_AUTOS = YES_AGGRESSIVE;
				GCC_WARN_UNUSED_FUNCTION = YES;
				GCC_WARN_UNUSED_VARIABLE = YES;
				IPHONEOS_DEPLOYMENT_TARGET = 10.3;
				MTL_ENABLE_DEBUG_INFO = NO;
				SDKROOT = iphoneos;
				SWIFT_OPTIMIZATION_LEVEL = "-Owholemodule";
				TARGETED_DEVICE_FAMILY = "1,2";
				VALIDATE_PRODUCT = YES;
			};
			name = Release;
		};
		B60CA8701EC49C8200E52B8E /* Debug */ = {
			isa = XCBuildConfiguration;
			buildSettings = {
				ASSETCATALOG_COMPILER_APPICON_NAME = AppIcon;
				DEVELOPMENT_TEAM = JZ478XYN5C;
				INFOPLIST_FILE = testingGitHub/Info.plist;
				LD_RUNPATH_SEARCH_PATHS = "$(inherited) @executable_path/Frameworks";
				PRODUCT_BUNDLE_IDENTIFIER = com.testingGitHub;
				PRODUCT_NAME = "$(TARGET_NAME)";
				SWIFT_VERSION = 3.0;
			};
			name = Debug;
		};
		B60CA8711EC49C8200E52B8E /* Release */ = {
			isa = XCBuildConfiguration;
			buildSettings = {
				ASSETCATALOG_COMPILER_APPICON_NAME = AppIcon;
				DEVELOPMENT_TEAM = JZ478XYN5C;
				INFOPLIST_FILE = testingGitHub/Info.plist;
				LD_RUNPATH_SEARCH_PATHS = "$(inherited) @executable_path/Frameworks";
				PRODUCT_BUNDLE_IDENTIFIER = com.testingGitHub;
				PRODUCT_NAME = "$(TARGET_NAME)";
				SWIFT_VERSION = 3.0;
			};
			name = Release;
		};
/* End XCBuildConfiguration section */

/* Begin XCConfigurationList section */
		B60CA8581EC49C8100E52B8E /* Build configuration list for PBXProject "testingGitHub" */ = {
			isa = XCConfigurationList;
			buildConfigurations = (
				B60CA86D1EC49C8200E52B8E /* Debug */,
				B60CA86E1EC49C8200E52B8E /* Release */,
			);
			defaultConfigurationIsVisible = 0;
			defaultConfigurationName = Release;
		};
		B60CA86F1EC49C8200E52B8E /* Build configuration list for PBXNativeTarget "testingGitHub" */ = {
			isa = XCConfigurationList;
			buildConfigurations = (
				B60CA8701EC49C8200E52B8E /* Debug */,
				B60CA8711EC49C8200E52B8E /* Release */,
			);
			defaultConfigurationIsVisible = 0;
		};
/* End XCConfigurationList section */
	};
	rootObject = B60CA8551EC49C8100E52B8E /* Project object */;
}
